// !$*UTF8*$!
{
	archiveVersion = 1;
	classes = {
	};
	objectVersion = 56;
	objects = {

/* Begin PBXBuildFile section */
		244F9B7F29B89697008FA3B3 /* AppDelegate.swift in Sources */ = {isa = PBXBuildFile; fileRef = 244F9B7E29B89697008FA3B3 /* AppDelegate.swift */; };
		244F9B8129B89697008FA3B3 /* SceneDelegate.swift in Sources */ = {isa = PBXBuildFile; fileRef = 244F9B8029B89697008FA3B3 /* SceneDelegate.swift */; };
		244F9B8329B89697008FA3B3 /* ViewController.swift in Sources */ = {isa = PBXBuildFile; fileRef = 244F9B8229B89697008FA3B3 /* ViewController.swift */; };
		244F9B8629B89697008FA3B3 /* Main.storyboard in Resources */ = {isa = PBXBuildFile; fileRef = 244F9B8429B89697008FA3B3 /* Main.storyboard */; };
		244F9B8829B89699008FA3B3 /* Assets.xcassets in Resources */ = {isa = PBXBuildFile; fileRef = 244F9B8729B89699008FA3B3 /* Assets.xcassets */; };
		244F9B8B29B89699008FA3B3 /* LaunchScreen.storyboard in Resources */ = {isa = PBXBuildFile; fileRef = 244F9B8929B89699008FA3B3 /* LaunchScreen.storyboard */; };
		244F9B9429B898EC008FA3B3 /* Weather.swift in Sources */ = {isa = PBXBuildFile; fileRef = 244F9B9329B898EC008FA3B3 /* Weather.swift */; };
		244F9B9729B89A7B008FA3B3 /* URLRequest+Extensions.swift in Sources */ = {isa = PBXBuildFile; fileRef = 244F9B9629B89A7B008FA3B3 /* URLRequest+Extensions.swift */; };
		244F9B9929B8EEA9008FA3B3 /* URL+Extensions.swift in Sources */ = {isa = PBXBuildFile; fileRef = 244F9B9829B8EEA9008FA3B3 /* URL+Extensions.swift */; };
		88AAF523E5329D03764AE630 /* Pods_SearchWeatherApplication.framework in Frameworks */ = {isa = PBXBuildFile; fileRef = CD7A0DD56766EC94789ED57E /* Pods_SearchWeatherApplication.framework */; };
/* End PBXBuildFile section */

/* Begin PBXFileReference section */
		244F9B7B29B89697008FA3B3 /* SearchWeatherApplication.app */ = {isa = PBXFileReference; explicitFileType = wrapper.application; includeInIndex = 0; path = SearchWeatherApplication.app; sourceTree = BUILT_PRODUCTS_DIR; };
		244F9B7E29B89697008FA3B3 /* AppDelegate.swift */ = {isa = PBXFileReference; lastKnownFileType = sourcecode.swift; path = AppDelegate.swift; sourceTree = "<group>"; };
		244F9B8029B89697008FA3B3 /* SceneDelegate.swift */ = {isa = PBXFileReference; lastKnownFileType = sourcecode.swift; path = SceneDelegate.swift; sourceTree = "<group>"; };
		244F9B8229B89697008FA3B3 /* ViewController.swift */ = {isa = PBXFileReference; lastKnownFileType = sourcecode.swift; path = ViewController.swift; sourceTree = "<group>"; };
		244F9B8529B89697008FA3B3 /* Base */ = {isa = PBXFileReference; lastKnownFileType = file.storyboard; name = Base; path = Base.lproj/Main.storyboard; sourceTree = "<group>"; };
		244F9B8729B89699008FA3B3 /* Assets.xcassets */ = {isa = PBXFileReference; lastKnownFileType = folder.assetcatalog; path = Assets.xcassets; sourceTree = "<group>"; };
		244F9B8A29B89699008FA3B3 /* Base */ = {isa = PBXFileReference; lastKnownFileType = file.storyboard; name = Base; path = Base.lproj/LaunchScreen.storyboard; sourceTree = "<group>"; };
		244F9B8C29B89699008FA3B3 /* Info.plist */ = {isa = PBXFileReference; lastKnownFileType = text.plist.xml; path = Info.plist; sourceTree = "<group>"; };
		244F9B9329B898EC008FA3B3 /* Weather.swift */ = {isa = PBXFileReference; lastKnownFileType = sourcecode.swift; path = Weather.swift; sourceTree = "<group>"; };
		244F9B9629B89A7B008FA3B3 /* URLRequest+Extensions.swift */ = {isa = PBXFileReference; lastKnownFileType = sourcecode.swift; path = "URLRequest+Extensions.swift"; sourceTree = "<group>"; };
		244F9B9829B8EEA9008FA3B3 /* URL+Extensions.swift */ = {isa = PBXFileReference; lastKnownFileType = sourcecode.swift; path = "URL+Extensions.swift"; sourceTree = "<group>"; };
		2AFD88D95C185A2C24638AD3 /* Pods-SearchWeatherApplication.release.xcconfig */ = {isa = PBXFileReference; includeInIndex = 1; lastKnownFileType = text.xcconfig; name = "Pods-SearchWeatherApplication.release.xcconfig"; path = "Target Support Files/Pods-SearchWeatherApplication/Pods-SearchWeatherApplication.release.xcconfig"; sourceTree = "<group>"; };
		CD7A0DD56766EC94789ED57E /* Pods_SearchWeatherApplication.framework */ = {isa = PBXFileReference; explicitFileType = wrapper.framework; includeInIndex = 0; path = Pods_SearchWeatherApplication.framework; sourceTree = BUILT_PRODUCTS_DIR; };
		E67C50FE4E6F1D4BED07AA95 /* Pods-SearchWeatherApplication.debug.xcconfig */ = {isa = PBXFileReference; includeInIndex = 1; lastKnownFileType = text.xcconfig; name = "Pods-SearchWeatherApplication.debug.xcconfig"; path = "Target Support Files/Pods-SearchWeatherApplication/Pods-SearchWeatherApplication.debug.xcconfig"; sourceTree = "<group>"; };
/* End PBXFileReference section */

/* Begin PBXFrameworksBuildPhase section */
		244F9B7829B89697008FA3B3 /* Frameworks */ = {
			isa = PBXFrameworksBuildPhase;
			buildActionMask = 2147483647;
			files = (
				88AAF523E5329D03764AE630 /* Pods_SearchWeatherApplication.framework in Frameworks */,
			);
			runOnlyForDeploymentPostprocessing = 0;
		};
/* End PBXFrameworksBuildPhase section */

/* Begin PBXGroup section */
		244F9B7229B89697008FA3B3 = {
			isa = PBXGroup;
			children = (
				244F9B7D29B89697008FA3B3 /* SearchWeatherApplication */,
				244F9B7C29B89697008FA3B3 /* Products */,
				38E3949718CB5E54DB6954CE /* Pods */,
				7CE66D6B6136F9C169AFFFEA /* Frameworks */,
			);
			sourceTree = "<group>";
		};
		244F9B7C29B89697008FA3B3 /* Products */ = {
			isa = PBXGroup;
			children = (
				244F9B7B29B89697008FA3B3 /* SearchWeatherApplication.app */,
			);
			name = Products;
			sourceTree = "<group>";
		};
		244F9B7D29B89697008FA3B3 /* SearchWeatherApplication */ = {
			isa = PBXGroup;
			children = (
				244F9B9529B89A68008FA3B3 /* Extensions */,
				244F9B9229B898C0008FA3B3 /* Models */,
				244F9B7E29B89697008FA3B3 /* AppDelegate.swift */,
				244F9B8029B89697008FA3B3 /* SceneDelegate.swift */,
				244F9B8229B89697008FA3B3 /* ViewController.swift */,
				244F9B8429B89697008FA3B3 /* Main.storyboard */,
				244F9B8729B89699008FA3B3 /* Assets.xcassets */,
				244F9B8929B89699008FA3B3 /* LaunchScreen.storyboard */,
				244F9B8C29B89699008FA3B3 /* Info.plist */,
			);
			path = SearchWeatherApplication;
			sourceTree = "<group>";
		};
		244F9B9229B898C0008FA3B3 /* Models */ = {
			isa = PBXGroup;
			children = (
				244F9B9329B898EC008FA3B3 /* Weather.swift */,
			);
			path = Models;
			sourceTree = "<group>";
		};
		244F9B9529B89A68008FA3B3 /* Extensions */ = {
			isa = PBXGroup;
			children = (
				244F9B9629B89A7B008FA3B3 /* URLRequest+Extensions.swift */,
				244F9B9829B8EEA9008FA3B3 /* URL+Extensions.swift */,
			);
			path = Extensions;
			sourceTree = "<group>";
		};
		38E3949718CB5E54DB6954CE /* Pods */ = {
			isa = PBXGroup;
			children = (
				E67C50FE4E6F1D4BED07AA95 /* Pods-SearchWeatherApplication.debug.xcconfig */,
				2AFD88D95C185A2C24638AD3 /* Pods-SearchWeatherApplication.release.xcconfig */,
			);
			path = Pods;
			sourceTree = "<group>";
		};
		7CE66D6B6136F9C169AFFFEA /* Frameworks */ = {
			isa = PBXGroup;
			children = (
				CD7A0DD56766EC94789ED57E /* Pods_SearchWeatherApplication.framework */,
			);
			name = Frameworks;
			sourceTree = "<group>";
		};
/* End PBXGroup section */

/* Begin PBXNativeTarget section */
		244F9B7A29B89697008FA3B3 /* SearchWeatherApplication */ = {
			isa = PBXNativeTarget;
			buildConfigurationList = 244F9B8F29B89699008FA3B3 /* Build configuration list for PBXNativeTarget "SearchWeatherApplication" */;
			buildPhases = (
				A5D77F16864EB382C9BA1C9F /* [CP] Check Pods Manifest.lock */,
				244F9B7729B89697008FA3B3 /* Sources */,
				244F9B7829B89697008FA3B3 /* Frameworks */,
				244F9B7929B89697008FA3B3 /* Resources */,
				4B3C232CDE7044141AB4D772 /* [CP] Embed Pods Frameworks */,
			);
			buildRules = (
			);
			dependencies = (
			);
			name = SearchWeatherApplication;
			productName = SearchWeatherApplication;
			productReference = 244F9B7B29B89697008FA3B3 /* SearchWeatherApplication.app */;
			productType = "com.apple.product-type.application";
		};
/* End PBXNativeTarget section */

/* Begin PBXProject section */
		244F9B7329B89697008FA3B3 /* Project object */ = {
			isa = PBXProject;
			attributes = {
				BuildIndependentTargetsInParallel = 1;
				LastSwiftUpdateCheck = 1420;
				LastUpgradeCheck = 1420;
				TargetAttributes = {
					244F9B7A29B89697008FA3B3 = {
						CreatedOnToolsVersion = 14.2;
					};
				};
			};
			buildConfigurationList = 244F9B7629B89697008FA3B3 /* Build configuration list for PBXProject "SearchWeatherApplication" */;
			compatibilityVersion = "Xcode 14.0";
			developmentRegion = en;
			hasScannedForEncodings = 0;
			knownRegions = (
				en,
				Base,
			);
			mainGroup = 244F9B7229B89697008FA3B3;
			productRefGroup = 244F9B7C29B89697008FA3B3 /* Products */;
			projectDirPath = "";
			projectRoot = "";
			targets = (
				244F9B7A29B89697008FA3B3 /* SearchWeatherApplication */,
			);
		};
/* End PBXProject section */

/* Begin PBXResourcesBuildPhase section */
		244F9B7929B89697008FA3B3 /* Resources */ = {
			isa = PBXResourcesBuildPhase;
			buildActionMask = 2147483647;
			files = (
				244F9B8B29B89699008FA3B3 /* LaunchScreen.storyboard in Resources */,
				244F9B8829B89699008FA3B3 /* Assets.xcassets in Resources */,
				244F9B8629B89697008FA3B3 /* Main.storyboard in Resources */,
			);
			runOnlyForDeploymentPostprocessing = 0;
		};
/* End PBXResourcesBuildPhase section */

/* Begin PBXShellScriptBuildPhase section */
		4B3C232CDE7044141AB4D772 /* [CP] Embed Pods Frameworks */ = {
			isa = PBXShellScriptBuildPhase;
			buildActionMask = 2147483647;
			files = (
			);
			inputFileListPaths = (
				"${PODS_ROOT}/Target Support Files/Pods-SearchWeatherApplication/Pods-SearchWeatherApplication-frameworks-${CONFIGURATION}-input-files.xcfilelist",
			);
			name = "[CP] Embed Pods Frameworks";
			outputFileListPaths = (
				"${PODS_ROOT}/Target Support Files/Pods-SearchWeatherApplication/Pods-SearchWeatherApplication-frameworks-${CONFIGURATION}-output-files.xcfilelist",
			);
			runOnlyForDeploymentPostprocessing = 0;
			shellPath = /bin/sh;
			shellScript = "\"${PODS_ROOT}/Target Support Files/Pods-SearchWeatherApplication/Pods-SearchWeatherApplication-frameworks.sh\"\n";
			showEnvVarsInLog = 0;
		};
		A5D77F16864EB382C9BA1C9F /* [CP] Check Pods Manifest.lock */ = {
			isa = PBXShellScriptBuildPhase;
			buildActionMask = 2147483647;
			files = (
			);
			inputFileListPaths = (
			);
			inputPaths = (
				"${PODS_PODFILE_DIR_PATH}/Podfile.lock",
				"${PODS_ROOT}/Manifest.lock",
			);
			name = "[CP] Check Pods Manifest.lock";
			outputFileListPaths = (
			);
			outputPaths = (
				"$(DERIVED_FILE_DIR)/Pods-SearchWeatherApplication-checkManifestLockResult.txt",
			);
			runOnlyForDeploymentPostprocessing = 0;
			shellPath = /bin/sh;
			shellScript = "diff \"${PODS_PODFILE_DIR_PATH}/Podfile.lock\" \"${PODS_ROOT}/Manifest.lock\" > /dev/null\nif [ $? != 0 ] ; then\n    # print error to STDERR\n    echo \"error: The sandbox is not in sync with the Podfile.lock. Run 'pod install' or update your CocoaPods installation.\" >&2\n    exit 1\nfi\n# This output is used by Xcode 'outputs' to avoid re-running this script phase.\necho \"SUCCESS\" > \"${SCRIPT_OUTPUT_FILE_0}\"\n";
			showEnvVarsInLog = 0;
		};
/* End PBXShellScriptBuildPhase section */

/* Begin PBXSourcesBuildPhase section */
		244F9B7729B89697008FA3B3 /* Sources */ = {
			isa = PBXSourcesBuildPhase;
			buildActionMask = 2147483647;
			files = (
				244F9B9429B898EC008FA3B3 /* Weather.swift in Sources */,
				244F9B9929B8EEA9008FA3B3 /* URL+Extensions.swift in Sources */,
				244F9B8329B89697008FA3B3 /* ViewController.swift in Sources */,
				244F9B7F29B89697008FA3B3 /* AppDelegate.swift in Sources */,
				244F9B9729B89A7B008FA3B3 /* URLRequest+Extensions.swift in Sources */,
				244F9B8129B89697008FA3B3 /* SceneDelegate.swift in Sources */,
			);
			runOnlyForDeploymentPostprocessing = 0;
		};
/* End PBXSourcesBuildPhase section */

/* Begin PBXVariantGroup section */
		244F9B8429B89697008FA3B3 /* Main.storyboard */ = {
			isa = PBXVariantGroup;
			children = (
				244F9B8529B89697008FA3B3 /* Base */,
			);
			name = Main.storyboard;
			sourceTree = "<group>";
		};
		244F9B8929B89699008FA3B3 /* LaunchScreen.storyboard */ = {
			isa = PBXVariantGroup;
			children = (
				244F9B8A29B89699008FA3B3 /* Base */,
			);
			name = LaunchScreen.storyboard;
			sourceTree = "<group>";
		};
/* End PBXVariantGroup section */

/* Begin XCBuildConfiguration section */
		244F9B8D29B89699008FA3B3 /* Debug */ = {
			isa = XCBuildConfiguration;
			buildSettings = {
				ALWAYS_SEARCH_USER_PATHS = NO;
				CLANG_ANALYZER_NONNULL = YES;
				CLANG_ANALYZER_NUMBER_OBJECT_CONVERSION = YES_AGGRESSIVE;
				CLANG_CXX_LANGUAGE_STANDARD = "gnu++20";
				CLANG_ENABLE_MODULES = YES;
				CLANG_ENABLE_OBJC_ARC = YES;
				CLANG_ENABLE_OBJC_WEAK = YES;
				CLANG_WARN_BLOCK_CAPTURE_AUTORELEASING = YES;
				CLANG_WARN_BOOL_CONVERSION = YES;
				CLANG_WARN_COMMA = YES;
				CLANG_WARN_CONSTANT_CONVERSION = YES;
				CLANG_WARN_DEPRECATED_OBJC_IMPLEMENTATIONS = YES;
				CLANG_WARN_DIRECT_OBJC_ISA_USAGE = YES_ERROR;
				CLANG_WARN_DOCUMENTATION_COMMENTS = YES;
				CLANG_WARN_EMPTY_BODY = YES;
				CLANG_WARN_ENUM_CONVERSION = YES;
				CLANG_WARN_INFINITE_RECURSION = YES;
				CLANG_WARN_INT_CONVERSION = YES;
				CLANG_WARN_NON_LITERAL_NULL_CONVERSION = YES;
				CLANG_WARN_OBJC_IMPLICIT_RETAIN_SELF = YES;
				CLANG_WARN_OBJC_LITERAL_CONVERSION = YES;
				CLANG_WARN_OBJC_ROOT_CLASS = YES_ERROR;
				CLANG_WARN_QUOTED_INCLUDE_IN_FRAMEWORK_HEADER = YES;
				CLANG_WARN_RANGE_LOOP_ANALYSIS = YES;
				CLANG_WARN_STRICT_PROTOTYPES = YES;
				CLANG_WARN_SUSPICIOUS_MOVE = YES;
				CLANG_WARN_UNGUARDED_AVAILABILITY = YES_AGGRESSIVE;
				CLANG_WARN_UNREACHABLE_CODE = YES;
				CLANG_WARN__DUPLICATE_METHOD_MATCH = YES;
				COPY_PHASE_STRIP = NO;
				DEBUG_INFORMATION_FORMAT = dwarf;
				ENABLE_STRICT_OBJC_MSGSEND = YES;
				ENABLE_TESTABILITY = YES;
				GCC_C_LANGUAGE_STANDARD = gnu11;
				GCC_DYNAMIC_NO_PIC = NO;
				GCC_NO_COMMON_BLOCKS = YES;
				GCC_OPTIMIZATION_LEVEL = 0;
				GCC_PREPROCESSOR_DEFINITIONS = (
					"DEBUG=1",
					"$(inherited)",
				);
				GCC_WARN_64_TO_32_BIT_CONVERSION = YES;
				GCC_WARN_ABOUT_RETURN_TYPE = YES_ERROR;
				GCC_WARN_UNDECLARED_SELECTOR = YES;
				GCC_WARN_UNINITIALIZED_AUTOS = YES_AGGRESSIVE;
				GCC_WARN_UNUSED_FUNCTION = YES;
				GCC_WARN_UNUSED_VARIABLE = YES;
				IPHONEOS_DEPLOYMENT_TARGET = 16.2;
				MTL_ENABLE_DEBUG_INFO = INCLUDE_SOURCE;
				MTL_FAST_MATH = YES;
				ONLY_ACTIVE_ARCH = YES;
				SDKROOT = iphoneos;
				SWIFT_ACTIVE_COMPILATION_CONDITIONS = DEBUG;
				SWIFT_OPTIMIZATION_LEVEL = "-Onone";
			};
			name = Debug;
		};
		244F9B8E29B89699008FA3B3 /* Release */ = {
			isa = XCBuildConfiguration;
			buildSettings = {
				ALWAYS_SEARCH_USER_PATHS = NO;
				CLANG_ANALYZER_NONNULL = YES;
				CLANG_ANALYZER_NUMBER_OBJECT_CONVERSION = YES_AGGRESSIVE;
				CLANG_CXX_LANGUAGE_STANDARD = "gnu++20";
				CLANG_ENABLE_MODULES = YES;
				CLANG_ENABLE_OBJC_ARC = YES;
				CLANG_ENABLE_OBJC_WEAK = YES;
				CLANG_WARN_BLOCK_CAPTURE_AUTORELEASING = YES;
				CLANG_WARN_BOOL_CONVERSION = YES;
				CLANG_WARN_COMMA = YES;
				CLANG_WARN_CONSTANT_CONVERSION = YES;
				CLANG_WARN_DEPRECATED_OBJC_IMPLEMENTATIONS = YES;
				CLANG_WARN_DIRECT_OBJC_ISA_USAGE = YES_ERROR;
				CLANG_WARN_DOCUMENTATION_COMMENTS = YES;
				CLANG_WARN_EMPTY_BODY = YES;
				CLANG_WARN_ENUM_CONVERSION = YES;
				CLANG_WARN_INFINITE_RECURSION = YES;
				CLANG_WARN_INT_CONVERSION = YES;
				CLANG_WARN_NON_LITERAL_NULL_CONVERSION = YES;
				CLANG_WARN_OBJC_IMPLICIT_RETAIN_SELF = YES;
				CLANG_WARN_OBJC_LITERAL_CONVERSION = YES;
				CLANG_WARN_OBJC_ROOT_CLASS = YES_ERROR;
				CLANG_WARN_QUOTED_INCLUDE_IN_FRAMEWORK_HEADER = YES;
				CLANG_WARN_RANGE_LOOP_ANALYSIS = YES;
				CLANG_WARN_STRICT_PROTOTYPES = YES;
				CLANG_WARN_SUSPICIOUS_MOVE = YES;
				CLANG_WARN_UNGUARDED_AVAILABILITY = YES_AGGRESSIVE;
				CLANG_WARN_UNREACHABLE_CODE = YES;
				CLANG_WARN__DUPLICATE_METHOD_MATCH = YES;
				COPY_PHASE_STRIP = NO;
				DEBUG_INFORMATION_FORMAT = "dwarf-with-dsym";
				ENABLE_NS_ASSERTIONS = NO;
				ENABLE_STRICT_OBJC_MSGSEND = YES;
				GCC_C_LANGUAGE_STANDARD = gnu11;
				GCC_NO_COMMON_BLOCKS = YES;
				GCC_WARN_64_TO_32_BIT_CONVERSION = YES;
				GCC_WARN_ABOUT_RETURN_TYPE = YES_ERROR;
				GCC_WARN_UNDECLARED_SELECTOR = YES;
				GCC_WARN_UNINITIALIZED_AUTOS = YES_AGGRESSIVE;
				GCC_WARN_UNUSED_FUNCTION = YES;
				GCC_WARN_UNUSED_VARIABLE = YES;
				IPHONEOS_DEPLOYMENT_TARGET = 16.2;
				MTL_ENABLE_DEBUG_INFO = NO;
				MTL_FAST_MATH = YES;
				SDKROOT = iphoneos;
				SWIFT_COMPILATION_MODE = wholemodule;
				SWIFT_OPTIMIZATION_LEVEL = "-O";
				VALIDATE_PRODUCT = YES;
			};
			name = Release;
		};
		244F9B9029B89699008FA3B3 /* Debug */ = {
			isa = XCBuildConfiguration;
			baseConfigurationReference = E67C50FE4E6F1D4BED07AA95 /* Pods-SearchWeatherApplication.debug.xcconfig */;
			buildSettings = {
				ASSETCATALOG_COMPILER_APPICON_NAME = AppIcon;
				ASSETCATALOG_COMPILER_GLOBAL_ACCENT_COLOR_NAME = AccentColor;
				CODE_SIGN_STYLE = Automatic;
				CURRENT_PROJECT_VERSION = 1;
				DEVELOPMENT_TEAM = UKZF3A6P2B;
				GENERATE_INFOPLIST_FILE = YES;
				INFOPLIST_FILE = SearchWeatherApplication/Info.plist;
				INFOPLIST_KEY_UIApplicationSupportsIndirectInputEvents = YES;
				INFOPLIST_KEY_UILaunchStoryboardName = LaunchScreen;
				INFOPLIST_KEY_UIMainStoryboardFile = Main;
				INFOPLIST_KEY_UISupportedInterfaceOrientations_iPad = "UIInterfaceOrientationPortrait UIInterfaceOrientationPortraitUpsideDown UIInterfaceOrientationLandscapeLeft UIInterfaceOrientationLandscapeRight";
				INFOPLIST_KEY_UISupportedInterfaceOrientations_iPhone = "UIInterfaceOrientationPortrait UIInterfaceOrientationLandscapeLeft UIInterfaceOrientationLandscapeRight";
				LD_RUNPATH_SEARCH_PATHS = (
					"$(inherited)",
					"@executable_path/Frameworks",
				);
				MARKETING_VERSION = 1.0;
				PRODUCT_BUNDLE_IDENTIFIER = BoMin.SearchWeatherApplication;
				PRODUCT_NAME = "$(TARGET_NAME)";
				SWIFT_EMIT_LOC_STRINGS = YES;
				SWIFT_VERSION = 5.0;
				TARGETED_DEVICE_FAMILY = "1,2";
			};
			name = Debug;
		};
		244F9B9129B89699008FA3B3 /* Release */ = {
			isa = XCBuildConfiguration;
			baseConfigurationReference = 2AFD88D95C185A2C24638AD3 /* Pods-SearchWeatherApplication.release.xcconfig */;
			buildSettings = {
				ASSETCATALOG_COMPILER_APPICON_NAME = AppIcon;
				ASSETCATALOG_COMPILER_GLOBAL_ACCENT_COLOR_NAME = AccentColor;
				CODE_SIGN_STYLE = Automatic;
				CURRENT_PROJECT_VERSION = 1;
				DEVELOPMENT_TEAM = UKZF3A6P2B;
				GENERATE_INFOPLIST_FILE = YES;
				INFOPLIST_FILE = SearchWeatherApplication/Info.plist;
				INFOPLIST_KEY_UIApplicationSupportsIndirectInputEvents = YES;
				INFOPLIST_KEY_UILaunchStoryboardName = LaunchScreen;
				INFOPLIST_KEY_UIMainStoryboardFile = Main;
				INFOPLIST_KEY_UISupportedInterfaceOrientations_iPad = "UIInterfaceOrientationPortrait UIInterfaceOrientationPortraitUpsideDown UIInterfaceOrientationLandscapeLeft UIInterfaceOrientationLandscapeRight";
				INFOPLIST_KEY_UISupportedInterfaceOrientations_iPhone = "UIInterfaceOrientationPortrait UIInterfaceOrientationLandscapeLeft UIInterfaceOrientationLandscapeRight";
				LD_RUNPATH_SEARCH_PATHS = (
					"$(inherited)",
					"@executable_path/Frameworks",
				);
				MARKETING_VERSION = 1.0;
				PRODUCT_BUNDLE_IDENTIFIER = BoMin.SearchWeatherApplication;
				PRODUCT_NAME = "$(TARGET_NAME)";
				SWIFT_EMIT_LOC_STRINGS = YES;
				SWIFT_VERSION = 5.0;
				TARGETED_DEVICE_FAMILY = "1,2";
			};
			name = Release;
		};
/* End XCBuildConfiguration section */

/* Begin XCConfigurationList section */
		244F9B7629B89697008FA3B3 /* Build configuration list for PBXProject "SearchWeatherApplication" */ = {
			isa = XCConfigurationList;
			buildConfigurations = (
				244F9B8D29B89699008FA3B3 /* Debug */,
				244F9B8E29B89699008FA3B3 /* Release */,
			);
			defaultConfigurationIsVisible = 0;
			defaultConfigurationName = Release;
		};
		244F9B8F29B89699008FA3B3 /* Build configuration list for PBXNativeTarget "SearchWeatherApplication" */ = {
			isa = XCConfigurationList;
			buildConfigurations = (
				244F9B9029B89699008FA3B3 /* Debug */,
				244F9B9129B89699008FA3B3 /* Release */,
			);
			defaultConfigurationIsVisible = 0;
			defaultConfigurationName = Release;
		};
/* End XCConfigurationList section */
	};
	rootObject = 244F9B7329B89697008FA3B3 /* Project object */;
}
